
Microsoft Visual Studio Solution File, Format Version 12.00
# Visual Studio Version 17
VisualStudioVersion = 17.14.37216.2
MinimumVisualStudioVersion = 10.0.40219.1
Project("{FAE04EC0-301F-11D3-BF4B-00C04F79EFBC}") = "Task1", "Task1\Task1.csproj", "{37D43D38-6513-48CC-A508-BD5A50053CB9}"
EndProject
Project("{FAE04EC0-301F-11D3-BF4B-00C04F79EFBC}") = "Tests", "Tests\Tests.csproj", "{30F0A1C2-8536-4244-B54E-F02D82EC3556}"
EndProject
Global
	GlobalSection(SolutionConfigurationPlatforms) = preSolution
		Debug|Any CPU = Debug|Any CPU
		Release|Any CPU = Release|Any CPU
	EndGlobalSection
	GlobalSection(ProjectConfigurationPlatforms) = postSolution
		{37D43D38-6513-48CC-A508-BD5A50053CB9}.Debug|Any CPU.ActiveCfg = Debug|Any CPU
		{37D43D38-6513-48CC-A508-BD5A50053CB9}.Debug|Any CPU.Build.0 = Debug|Any CPU
		{37D43D38-6513-48CC-A508-BD5A50053CB9}.Release|Any CPU.ActiveCfg = Release|Any CPU
		{37D43D38-6513-48CC-A508-BD5A50053CB9}.Release|Any CPU.Build.0 = Release|Any CPU
		{30F0A1C2-8536-4244-B54E-F02D82EC3556}.Debug|Any CPU.ActiveCfg = Debug|Any CPU
		{30F0A1C2-8536-4244-B54E-F02D82EC3556}.Debug|Any CPU.Build.0 = Debug|Any CPU
		{30F0A1C2-8536-4244-B54E-F02D82EC3556}.Release|Any CPU.ActiveCfg = Release|Any CPU
		{30F0A1C2-8536-4244-B54E-F02D82EC3556}.Release|Any CPU.Build.0 = Release|Any CPU
	EndGlobalSection
	GlobalSection(SolutionProperties) = preSolution
		HideSolutionNode = FALSE
	EndGlobalSection
	GlobalSection(ExtensibilityGlobals) = postSolution
		SolutionGuid = {C297A3A8-278E-40FB-A188-1E139A1A106A}
	EndGlobalSection
EndGlobal
