
Microsoft Visual Studio Solution File, Format Version 12.00
# Visual Studio Version 17
VisualStudioVersion = 17.14.37216.2 d17.14
MinimumVisualStudioVersion = 10.0.40219.1
Project("{FAE04EC0-301F-11D3-BF4B-00C04F79EFBC}") = "Task2", "Task2\Task2.csproj", "{EE263219-8A1E-44D4-88D7-129E46B985B3}"
EndProject
Project("{FAE04EC0-301F-11D3-BF4B-00C04F79EFBC}") = "Task2.Tests", "Task2.Tests\Task2.Tests.csproj", "{3262BDB5-90E7-4787-9F38-D18BB61BCC1A}"
EndProject
Global
	GlobalSection(SolutionConfigurationPlatforms) = preSolution
		Debug|Any CPU = Debug|Any CPU
		Release|Any CPU = Release|Any CPU
	EndGlobalSection
	GlobalSection(ProjectConfigurationPlatforms) = postSolution
		{EE263219-8A1E-44D4-88D7-129E46B985B3}.Debug|Any CPU.ActiveCfg = Debug|Any CPU
		{EE263219-8A1E-44D4-88D7-129E46B985B3}.Debug|Any CPU.Build.0 = Debug|Any CPU
		{EE263219-8A1E-44D4-88D7-129E46B985B3}.Release|Any CPU.ActiveCfg = Release|Any CPU
		{EE263219-8A1E-44D4-88D7-129E46B985B3}.Release|Any CPU.Build.0 = Release|Any CPU
		{3262BDB5-90E7-4787-9F38-D18BB61BCC1A}.Debug|Any CPU.ActiveCfg = Debug|Any CPU
		{3262BDB5-90E7-4787-9F38-D18BB61BCC1A}.Debug|Any CPU.Build.0 = Debug|Any CPU
		{3262BDB5-90E7-4787-9F38-D18BB61BCC1A}.Release|Any CPU.ActiveCfg = Release|Any CPU
		{3262BDB5-90E7-4787-9F38-D18BB61BCC1A}.Release|Any CPU.Build.0 = Release|Any CPU
	EndGlobalSection
	GlobalSection(SolutionProperties) = preSolution
		HideSolutionNode = FALSE
	EndGlobalSection
	GlobalSection(ExtensibilityGlobals) = postSolution
		SolutionGuid = {CCC23229-4983-4D8A-BAB6-AB785DC447B0}
	EndGlobalSection
EndGlobal
